// !$*UTF8*$!
{
	archiveVersion = 1;
	classes = {
	};
	objectVersion = 56;
	objects = {

/* Begin PBXBuildFile section */
		E8206D722938C10D000F9D5E /* GameSenseiApp.swift in Sources */ = {isa = PBXBuildFile; fileRef = E8206D712938C10D000F9D5E /* GameSenseiApp.swift */; };
		E8206D742938C10D000F9D5E /* ContentView.swift in Sources */ = {isa = PBXBuildFile; fileRef = E8206D732938C10D000F9D5E /* ContentView.swift */; };
		E8206D762938C10F000F9D5E /* Assets.xcassets in Resources */ = {isa = PBXBuildFile; fileRef = E8206D752938C10F000F9D5E /* Assets.xcassets */; };
		E8206D792938C10F000F9D5E /* Preview Assets.xcassets in Resources */ = {isa = PBXBuildFile; fileRef = E8206D782938C10F000F9D5E /* Preview Assets.xcassets */; };
		E8206D832938C10F000F9D5E /* GameSenseiTests.swift in Sources */ = {isa = PBXBuildFile; fileRef = E8206D822938C10F000F9D5E /* GameSenseiTests.swift */; };
		E8206D8D2938C10F000F9D5E /* GameSenseiUITests.swift in Sources */ = {isa = PBXBuildFile; fileRef = E8206D8C2938C10F000F9D5E /* GameSenseiUITests.swift */; };
		E8206D8F2938C10F000F9D5E /* GameSenseiUITestsLaunchTests.swift in Sources */ = {isa = PBXBuildFile; fileRef = E8206D8E2938C10F000F9D5E /* GameSenseiUITestsLaunchTests.swift */; };
/* End PBXBuildFile section */

/* Begin PBXContainerItemProxy section */
		E8206D7F2938C10F000F9D5E /* PBXContainerItemProxy */ = {
			isa = PBXContainerItemProxy;
			containerPortal = E8206D662938C10D000F9D5E /* Project object */;
			proxyType = 1;
			remoteGlobalIDString = E8206D6D2938C10D000F9D5E;
			remoteInfo = GameSensei;
		};
		E8206D892938C10F000F9D5E /* PBXContainerItemProxy */ = {
			isa = PBXContainerItemProxy;
			containerPortal = E8206D662938C10D000F9D5E /* Project object */;
			proxyType = 1;
			remoteGlobalIDString = E8206D6D2938C10D000F9D5E;
			remoteInfo = GameSensei;
		};
/* End PBXContainerItemProxy section */

/* Begin PBXFileReference section */
		E8206D6E2938C10D000F9D5E /* GameSensei.app */ = {isa = PBXFileReference; explicitFileType = wrapper.application; includeInIndex = 0; path = GameSensei.app; sourceTree = BUILT_PRODUCTS_DIR; };
		E8206D712938C10D000F9D5E /* GameSenseiApp.swift */ = {isa = PBXFileReference; lastKnownFileType = sourcecode.swift; path = GameSenseiApp.swift; sourceTree = "<group>"; };
		E8206D732938C10D000F9D5E /* ContentView.swift */ = {isa = PBXFileReference; lastKnownFileType = sourcecode.swift; path = ContentView.swift; sourceTree = "<group>"; };
		E8206D752938C10F000F9D5E /* Assets.xcassets */ = {isa = PBXFileReference; lastKnownFileType = folder.assetcatalog; path = Assets.xcassets; sourceTree = "<group>"; };
		E8206D782938C10F000F9D5E /* Preview Assets.xcassets */ = {isa = PBXFileReference; lastKnownFileType = folder.assetcatalog; path = "Preview Assets.xcassets"; sourceTree = "<group>"; };
		E8206D7E2938C10F000F9D5E /* GameSenseiTests.xctest */ = {isa = PBXFileReference; explicitFileType = wrapper.cfbundle; includeInIndex = 0; path = GameSenseiTests.xctest; sourceTree = BUILT_PRODUCTS_DIR; };
		E8206D822938C10F000F9D5E /* GameSenseiTests.swift */ = {isa = PBXFileReference; lastKnownFileType = sourcecode.swift; path = GameSenseiTests.swift; sourceTree = "<group>"; };
		E8206D882938C10F000F9D5E /* GameSenseiUITests.xctest */ = {isa = PBXFileReference; explicitFileType = wrapper.cfbundle; includeInIndex = 0; path = GameSenseiUITests.xctest; sourceTree = BUILT_PRODUCTS_DIR; };
		E8206D8C2938C10F000F9D5E /* GameSenseiUITests.swift */ = {isa = PBXFileReference; lastKnownFileType = sourcecode.swift; path = GameSenseiUITests.swift; sourceTree = "<group>"; };
		E8206D8E2938C10F000F9D5E /* GameSenseiUITestsLaunchTests.swift */ = {isa = PBXFileReference; lastKnownFileType = sourcecode.swift; path = GameSenseiUITestsLaunchTests.swift; sourceTree = "<group>"; };
/* End PBXFileReference section */

/* Begin PBXFrameworksBuildPhase section */
		E8206D6B2938C10D000F9D5E /* Frameworks */ = {
			isa = PBXFrameworksBuildPhase;
			buildActionMask = 2147483647;
			files = (
			);
			runOnlyForDeploymentPostprocessing = 0;
		};
		E8206D7B2938C10F000F9D5E /* Frameworks */ = {
			isa = PBXFrameworksBuildPhase;
			buildActionMask = 2147483647;
			files = (
			);
			runOnlyForDeploymentPostprocessing = 0;
		};
		E8206D852938C10F000F9D5E /* Frameworks */ = {
			isa = PBXFrameworksBuildPhase;
			buildActionMask = 2147483647;
			files = (
			);
			runOnlyForDeploymentPostprocessing = 0;
		};
/* End PBXFrameworksBuildPhase section */

/* Begin PBXGroup section */
		E8206D652938C10D000F9D5E = {
			isa = PBXGroup;
			children = (
				E8206D702938C10D000F9D5E /* GameSensei */,
				E8206D812938C10F000F9D5E /* GameSenseiTests */,
				E8206D8B2938C10F000F9D5E /* GameSenseiUITests */,
				E8206D6F2938C10D000F9D5E /* Products */,
			);
			sourceTree = "<group>";
		};
		E8206D6F2938C10D000F9D5E /* Products */ = {
			isa = PBXGroup;
			children = (
				E8206D6E2938C10D000F9D5E /* GameSensei.app */,
				E8206D7E2938C10F000F9D5E /* GameSenseiTests.xctest */,
				E8206D882938C10F000F9D5E /* GameSenseiUITests.xctest */,
			);
			name = Products;
			sourceTree = "<group>";
		};
		E8206D702938C10D000F9D5E /* GameSensei */ = {
			isa = PBXGroup;
			children = (
				E8206D712938C10D000F9D5E /* GameSenseiApp.swift */,
				E8206D732938C10D000F9D5E /* ContentView.swift */,
				E8206D752938C10F000F9D5E /* Assets.xcassets */,
				E8206D772938C10F000F9D5E /* Preview Content */,
			);
			path = GameSensei;
			sourceTree = "<group>";
		};
		E8206D772938C10F000F9D5E /* Preview Content */ = {
			isa = PBXGroup;
			children = (
				E8206D782938C10F000F9D5E /* Preview Assets.xcassets */,
			);
			path = "Preview Content";
			sourceTree = "<group>";
		};
		E8206D812938C10F000F9D5E /* GameSenseiTests */ = {
			isa = PBXGroup;
			children = (
				E8206D822938C10F000F9D5E /* GameSenseiTests.swift */,
			);
			path = GameSenseiTests;
			sourceTree = "<group>";
		};
		E8206D8B2938C10F000F9D5E /* GameSenseiUITests */ = {
			isa = PBXGroup;
			children = (
				E8206D8C2938C10F000F9D5E /* GameSenseiUITests.swift */,
				E8206D8E2938C10F000F9D5E /* GameSenseiUITestsLaunchTests.swift */,
			);
			path = GameSenseiUITests;
			sourceTree = "<group>";
		};
/* End PBXGroup section */

/* Begin PBXNativeTarget section */
		E8206D6D2938C10D000F9D5E /* GameSensei */ = {
			isa = PBXNativeTarget;
			buildConfigurationList = E8206D922938C10F000F9D5E /* Build configuration list for PBXNativeTarget "GameSensei" */;
			buildPhases = (
				E8206D6A2938C10D000F9D5E /* Sources */,
				E8206D6B2938C10D000F9D5E /* Frameworks */,
				E8206D6C2938C10D000F9D5E /* Resources */,
			);
			buildRules = (
			);
			dependencies = (
			);
			name = GameSensei;
			productName = GameSensei;
			productReference = E8206D6E2938C10D000F9D5E /* GameSensei.app */;
			productType = "com.apple.product-type.application";
		};
		E8206D7D2938C10F000F9D5E /* GameSenseiTests */ = {
			isa = PBXNativeTarget;
			buildConfigurationList = E8206D952938C10F000F9D5E /* Build configuration list for PBXNativeTarget "GameSenseiTests" */;
			buildPhases = (
				E8206D7A2938C10F000F9D5E /* Sources */,
				E8206D7B2938C10F000F9D5E /* Frameworks */,
				E8206D7C2938C10F000F9D5E /* Resources */,
			);
			buildRules = (
			);
			dependencies = (
				E8206D802938C10F000F9D5E /* PBXTargetDependency */,
			);
			name = GameSenseiTests;
			productName = GameSenseiTests;
			productReference = E8206D7E2938C10F000F9D5E /* GameSenseiTests.xctest */;
			productType = "com.apple.product-type.bundle.unit-test";
		};
		E8206D872938C10F000F9D5E /* GameSenseiUITests */ = {
			isa = PBXNativeTarget;
			buildConfigurationList = E8206D982938C10F000F9D5E /* Build configuration list for PBXNativeTarget "GameSenseiUITests" */;
			buildPhases = (
				E8206D842938C10F000F9D5E /* Sources */,
				E8206D852938C10F000F9D5E /* Frameworks */,
				E8206D862938C10F000F9D5E /* Resources */,
			);
			buildRules = (
			);
			dependencies = (
				E8206D8A2938C10F000F9D5E /* PBXTargetDependency */,
			);
			name = GameSenseiUITests;
			productName = GameSenseiUITests;
			productReference = E8206D882938C10F000F9D5E /* GameSenseiUITests.xctest */;
			productType = "com.apple.product-type.bundle.ui-testing";
		};
/* End PBXNativeTarget section */

/* Begin PBXProject section */
		E8206D662938C10D000F9D5E /* Project object */ = {
			isa = PBXProject;
			attributes = {
				BuildIndependentTargetsInParallel = 1;
				LastSwiftUpdateCheck = 1410;
				LastUpgradeCheck = 1410;
				TargetAttributes = {
					E8206D6D2938C10D000F9D5E = {
						CreatedOnToolsVersion = 14.1;
					};
					E8206D7D2938C10F000F9D5E = {
						CreatedOnToolsVersion = 14.1;
						TestTargetID = E8206D6D2938C10D000F9D5E;
					};
					E8206D872938C10F000F9D5E = {
						CreatedOnToolsVersion = 14.1;
						TestTargetID = E8206D6D2938C10D000F9D5E;
					};
				};
			};
			buildConfigurationList = E8206D692938C10D000F9D5E /* Build configuration list for PBXProject "GameSensei" */;
			compatibilityVersion = "Xcode 14.0";
			developmentRegion = en;
			hasScannedForEncodings = 0;
			knownRegions = (
				en,
				Base,
			);
			mainGroup = E8206D652938C10D000F9D5E;
			productRefGroup = E8206D6F2938C10D000F9D5E /* Products */;
			projectDirPath = "";
			projectRoot = "";
			targets = (
				E8206D6D2938C10D000F9D5E /* GameSensei */,
				E8206D7D2938C10F000F9D5E /* GameSenseiTests */,
				E8206D872938C10F000F9D5E /* GameSenseiUITests */,
			);
		};
/* End PBXProject section */

/* Begin PBXResourcesBuildPhase section */
		E8206D6C2938C10D000F9D5E /* Resources */ = {
			isa = PBXResourcesBuildPhase;
			buildActionMask = 2147483647;
			files = (
				E8206D792938C10F000F9D5E /* Preview Assets.xcassets in Resources */,
				E8206D762938C10F000F9D5E /* Assets.xcassets in Resources */,
			);
			runOnlyForDeploymentPostprocessing = 0;
		};
		E8206D7C2938C10F000F9D5E /* Resources */ = {
			isa = PBXResourcesBuildPhase;
			buildActionMask = 2147483647;
			files = (
			);
			runOnlyForDeploymentPostprocessing = 0;
		};
		E8206D862938C10F000F9D5E /* Resources */ = {
			isa = PBXResourcesBuildPhase;
			buildActionMask = 2147483647;
			files = (
			);
			runOnlyForDeploymentPostprocessing = 0;
		};
/* End PBXResourcesBuildPhase section */

/* Begin PBXSourcesBuildPhase section */
		E8206D6A2938C10D000F9D5E /* Sources */ = {
			isa = PBXSourcesBuildPhase;
			buildActionMask = 2147483647;
			files = (
				E8206D742938C10D000F9D5E /* ContentView.swift in Sources */,
				E8206D722938C10D000F9D5E /* GameSenseiApp.swift in Sources */,
			);
			runOnlyForDeploymentPostprocessing = 0;
		};
		E8206D7A2938C10F000F9D5E /* Sources */ = {
			isa = PBXSourcesBuildPhase;
			buildActionMask = 2147483647;
			files = (
				E8206D832938C10F000F9D5E /* GameSenseiTests.swift in Sources */,
			);
			runOnlyForDeploymentPostprocessing = 0;
		};
		E8206D842938C10F000F9D5E /* Sources */ = {
			isa = PBXSourcesBuildPhase;
			buildActionMask = 2147483647;
			files = (
				E8206D8D2938C10F000F9D5E /* GameSenseiUITests.swift in Sources */,
				E8206D8F2938C10F000F9D5E /* GameSenseiUITestsLaunchTests.swift in Sources */,
			);
			runOnlyForDeploymentPostprocessing = 0;
		};
/* End PBXSourcesBuildPhase section */

/* Begin PBXTargetDependency section */
		E8206D802938C10F000F9D5E /* PBXTargetDependency */ = {
			isa = PBXTargetDependency;
			target = E8206D6D2938C10D000F9D5E /* GameSensei */;
			targetProxy = E8206D7F2938C10F000F9D5E /* PBXContainerItemProxy */;
		};
		E8206D8A2938C10F000F9D5E /* PBXTargetDependency */ = {
			isa = PBXTargetDependency;
			target = E8206D6D2938C10D000F9D5E /* GameSensei */;
			targetProxy = E8206D892938C10F000F9D5E /* PBXContainerItemProxy */;
		};
/* End PBXTargetDependency section */

/* Begin XCBuildConfiguration section */
		E8206D902938C10F000F9D5E /* Debug */ = {
			isa = XCBuildConfiguration;
			buildSettings = {
				ALWAYS_SEARCH_USER_PATHS = NO;
				CLANG_ANALYZER_NONNULL = YES;
				CLANG_ANALYZER_NUMBER_OBJECT_CONVERSION = YES_AGGRESSIVE;
				CLANG_CXX_LANGUAGE_STANDARD = "gnu++20";
				CLANG_ENABLE_MODULES = YES;
				CLANG_ENABLE_OBJC_ARC = YES;
				CLANG_ENABLE_OBJC_WEAK = YES;
				CLANG_WARN_BLOCK_CAPTURE_AUTORELEASING = YES;
				CLANG_WARN_BOOL_CONVERSION = YES;
				CLANG_WARN_COMMA = YES;
				CLANG_WARN_CONSTANT_CONVERSION = YES;
				CLANG_WARN_DEPRECATED_OBJC_IMPLEMENTATIONS = YES;
				CLANG_WARN_DIRECT_OBJC_ISA_USAGE = YES_ERROR;
				CLANG_WARN_DOCUMENTATION_COMMENTS = YES;
				CLANG_WARN_EMPTY_BODY = YES;
				CLANG_WARN_ENUM_CONVERSION = YES;
				CLANG_WARN_INFINITE_RECURSION = YES;
				CLANG_WARN_INT_CONVERSION = YES;
				CLANG_WARN_NON_LITERAL_NULL_CONVERSION = YES;
				CLANG_WARN_OBJC_IMPLICIT_RETAIN_SELF = YES;
				CLANG_WARN_OBJC_LITERAL_CONVERSION = YES;
				CLANG_WARN_OBJC_ROOT_CLASS = YES_ERROR;
				CLANG_WARN_QUOTED_INCLUDE_IN_FRAMEWORK_HEADER = YES;
				CLANG_WARN_RANGE_LOOP_ANALYSIS = YES;
				CLANG_WARN_STRICT_PROTOTYPES = YES;
				CLANG_WARN_SUSPICIOUS_MOVE = YES;
				CLANG_WARN_UNGUARDED_AVAILABILITY = YES_AGGRESSIVE;
				CLANG_WARN_UNREACHABLE_CODE = YES;
				CLANG_WARN__DUPLICATE_METHOD_MATCH = YES;
				COPY_PHASE_STRIP = NO;
				DEBUG_INFORMATION_FORMAT = dwarf;
				ENABLE_STRICT_OBJC_MSGSEND = YES;
				ENABLE_TESTABILITY = YES;
				GCC_C_LANGUAGE_STANDARD = gnu11;
				GCC_DYNAMIC_NO_PIC = NO;
				GCC_NO_COMMON_BLOCKS = YES;
				GCC_OPTIMIZATION_LEVEL = 0;
				GCC_PREPROCESSOR_DEFINITIONS = (
					"DEBUG=1",
					"$(inherited)",
				);
				GCC_WARN_64_TO_32_BIT_CONVERSION = YES;
				GCC_WARN_ABOUT_RETURN_TYPE = YES_ERROR;
				GCC_WARN_UNDECLARED_SELECTOR = YES;
				GCC_WARN_UNINITIALIZED_AUTOS = YES_AGGRESSIVE;
				GCC_WARN_UNUSED_FUNCTION = YES;
				GCC_WARN_UNUSED_VARIABLE = YES;
				IPHONEOS_DEPLOYMENT_TARGET = 16.1;
				MTL_ENABLE_DEBUG_INFO = INCLUDE_SOURCE;
				MTL_FAST_MATH = YES;
				ONLY_ACTIVE_ARCH = YES;
				SDKROOT = iphoneos;
				SWIFT_ACTIVE_COMPILATION_CONDITIONS = DEBUG;
				SWIFT_OPTIMIZATION_LEVEL = "-Onone";
			};
			name = Debug;
		};
		E8206D912938C10F000F9D5E /* Release */ = {
			isa = XCBuildConfiguration;
			buildSettings = {
				ALWAYS_SEARCH_USER_PATHS = NO;
				CLANG_ANALYZER_NONNULL = YES;
				CLANG_ANALYZER_NUMBER_OBJECT_CONVERSION = YES_AGGRESSIVE;
				CLANG_CXX_LANGUAGE_STANDARD = "gnu++20";
				CLANG_ENABLE_MODULES = YES;
				CLANG_ENABLE_OBJC_ARC = YES;
				CLANG_ENABLE_OBJC_WEAK = YES;
				CLANG_WARN_BLOCK_CAPTURE_AUTORELEASING = YES;
				CLANG_WARN_BOOL_CONVERSION = YES;
				CLANG_WARN_COMMA = YES;
				CLANG_WARN_CONSTANT_CONVERSION = YES;
				CLANG_WARN_DEPRECATED_OBJC_IMPLEMENTATIONS = YES;
				CLANG_WARN_DIRECT_OBJC_ISA_USAGE = YES_ERROR;
				CLANG_WARN_DOCUMENTATION_COMMENTS = YES;
				CLANG_WARN_EMPTY_BODY = YES;
				CLANG_WARN_ENUM_CONVERSION = YES;
				CLANG_WARN_INFINITE_RECURSION = YES;
				CLANG_WARN_INT_CONVERSION = YES;
				CLANG_WARN_NON_LITERAL_NULL_CONVERSION = YES;
				CLANG_WARN_OBJC_IMPLICIT_RETAIN_SELF = YES;
				CLANG_WARN_OBJC_LITERAL_CONVERSION = YES;
				CLANG_WARN_OBJC_ROOT_CLASS = YES_ERROR;
				CLANG_WARN_QUOTED_INCLUDE_IN_FRAMEWORK_HEADER = YES;
				CLANG_WARN_RANGE_LOOP_ANALYSIS = YES;
				CLANG_WARN_STRICT_PROTOTYPES = YES;
				CLANG_WARN_SUSPICIOUS_MOVE = YES;
				CLANG_WARN_UNGUARDED_AVAILABILITY = YES_AGGRESSIVE;
				CLANG_WARN_UNREACHABLE_CODE = YES;
				CLANG_WARN__DUPLICATE_METHOD_MATCH = YES;
				COPY_PHASE_STRIP = NO;
				DEBUG_INFORMATION_FORMAT = "dwarf-with-dsym";
				ENABLE_NS_ASSERTIONS = NO;
				ENABLE_STRICT_OBJC_MSGSEND = YES;
				GCC_C_LANGUAGE_STANDARD = gnu11;
				GCC_NO_COMMON_BLOCKS = YES;
				GCC_WARN_64_TO_32_BIT_CONVERSION = YES;
				GCC_WARN_ABOUT_RETURN_TYPE = YES_ERROR;
				GCC_WARN_UNDECLARED_SELECTOR = YES;
				GCC_WARN_UNINITIALIZED_AUTOS = YES_AGGRESSIVE;
				GCC_WARN_UNUSED_FUNCTION = YES;
				GCC_WARN_UNUSED_VARIABLE = YES;
				IPHONEOS_DEPLOYMENT_TARGET = 16.1;
				MTL_ENABLE_DEBUG_INFO = NO;
				MTL_FAST_MATH = YES;
				SDKROOT = iphoneos;
				SWIFT_COMPILATION_MODE = wholemodule;
				SWIFT_OPTIMIZATION_LEVEL = "-O";
				VALIDATE_PRODUCT = YES;
			};
			name = Release;
		};
		E8206D932938C10F000F9D5E /* Debug */ = {
			isa = XCBuildConfiguration;
			buildSettings = {
				ASSETCATALOG_COMPILER_APPICON_NAME = AppIcon;
				ASSETCATALOG_COMPILER_GLOBAL_ACCENT_COLOR_NAME = AccentColor;
				CODE_SIGN_STYLE = Automatic;
				CURRENT_PROJECT_VERSION = 1;
				DEVELOPMENT_ASSET_PATHS = "\"GameSensei/Preview Content\"";
				DEVELOPMENT_TEAM = B3HH2B897Y;
				ENABLE_PREVIEWS = YES;
				GENERATE_INFOPLIST_FILE = YES;
				INFOPLIST_KEY_UIApplicationSceneManifest_Generation = YES;
				INFOPLIST_KEY_UIApplicationSupportsIndirectInputEvents = YES;
				INFOPLIST_KEY_UILaunchScreen_Generation = YES;
				INFOPLIST_KEY_UISupportedInterfaceOrientations_iPad = "UIInterfaceOrientationPortrait UIInterfaceOrientationPortraitUpsideDown UIInterfaceOrientationLandscapeLeft UIInterfaceOrientationLandscapeRight";
				INFOPLIST_KEY_UISupportedInterfaceOrientations_iPhone = "UIInterfaceOrientationPortrait UIInterfaceOrientationLandscapeLeft UIInterfaceOrientationLandscapeRight";
				LD_RUNPATH_SEARCH_PATHS = (
					"$(inherited)",
					"@executable_path/Frameworks",
				);
				MARKETING_VERSION = 1.0;
				PRODUCT_BUNDLE_IDENTIFIER = com.nij.GameSensei;
				PRODUCT_NAME = "$(TARGET_NAME)";
				SWIFT_EMIT_LOC_STRINGS = YES;
				SWIFT_VERSION = 5.0;
				TARGETED_DEVICE_FAMILY = "1,2";
			};
			name = Debug;
		};
		E8206D942938C10F000F9D5E /* Release */ = {
			isa = XCBuildConfiguration;
			buildSettings = {
				ASSETCATALOG_COMPILER_APPICON_NAME = AppIcon;
				ASSETCATALOG_COMPILER_GLOBAL_ACCENT_COLOR_NAME = AccentColor;
				CODE_SIGN_STYLE = Automatic;
				CURRENT_PROJECT_VERSION = 1;
				DEVELOPMENT_ASSET_PATHS = "\"GameSensei/Preview Content\"";
				DEVELOPMENT_TEAM = B3HH2B897Y;
				ENABLE_PREVIEWS = YES;
				GENERATE_INFOPLIST_FILE = YES;
				INFOPLIST_KEY_UIApplicationSceneManifest_Generation = YES;
				INFOPLIST_KEY_UIApplicationSupportsIndirectInputEvents = YES;
				INFOPLIST_KEY_UILaunchScreen_Generation = YES;
				INFOPLIST_KEY_UISupportedInterfaceOrientations_iPad = "UIInterfaceOrientationPortrait UIInterfaceOrientationPortraitUpsideDown UIInterfaceOrientationLandscapeLeft UIInterfaceOrientationLandscapeRight";
				INFOPLIST_KEY_UISupportedInterfaceOrientations_iPhone = "UIInterfaceOrientationPortrait UIInterfaceOrientationLandscapeLeft UIInterfaceOrientationLandscapeRight";
				LD_RUNPATH_SEARCH_PATHS = (
					"$(inherited)",
					"@executable_path/Frameworks",
				);
				MARKETING_VERSION = 1.0;
				PRODUCT_BUNDLE_IDENTIFIER = com.nij.GameSensei;
				PRODUCT_NAME = "$(TARGET_NAME)";
				SWIFT_EMIT_LOC_STRINGS = YES;
				SWIFT_VERSION = 5.0;
				TARGETED_DEVICE_FAMILY = "1,2";
			};
			name = Release;
		};
		E8206D962938C10F000F9D5E /* Debug */ = {
			isa = XCBuildConfiguration;
			buildSettings = {
				ALWAYS_EMBED_SWIFT_STANDARD_LIBRARIES = YES;
				BUNDLE_LOADER = "$(TEST_HOST)";
				CODE_SIGN_STYLE = Automatic;
				CURRENT_PROJECT_VERSION = 1;
				DEVELOPMENT_TEAM = B3HH2B897Y;
				GENERATE_INFOPLIST_FILE = YES;
				IPHONEOS_DEPLOYMENT_TARGET = 16.1;
				MARKETING_VERSION = 1.0;
				PRODUCT_BUNDLE_IDENTIFIER = com.nij.GameSenseiTests;
				PRODUCT_NAME = "$(TARGET_NAME)";
				SWIFT_EMIT_LOC_STRINGS = NO;
				SWIFT_VERSION = 5.0;
				TARGETED_DEVICE_FAMILY = "1,2";
				TEST_HOST = "$(BUILT_PRODUCTS_DIR)/GameSensei.app/$(BUNDLE_EXECUTABLE_FOLDER_PATH)/GameSensei";
			};
			name = Debug;
		};
		E8206D972938C10F000F9D5E /* Release */ = {
			isa = XCBuildConfiguration;
			buildSettings = {
				ALWAYS_EMBED_SWIFT_STANDARD_LIBRARIES = YES;
				BUNDLE_LOADER = "$(TEST_HOST)";
				CODE_SIGN_STYLE = Automatic;
				CURRENT_PROJECT_VERSION = 1;
				DEVELOPMENT_TEAM = B3HH2B897Y;
				GENERATE_INFOPLIST_FILE = YES;
				IPHONEOS_DEPLOYMENT_TARGET = 16.1;
				MARKETING_VERSION = 1.0;
				PRODUCT_BUNDLE_IDENTIFIER = com.nij.GameSenseiTests;
				PRODUCT_NAME = "$(TARGET_NAME)";
				SWIFT_EMIT_LOC_STRINGS = NO;
				SWIFT_VERSION = 5.0;
				TARGETED_DEVICE_FAMILY = "1,2";
				TEST_HOST = "$(BUILT_PRODUCTS_DIR)/GameSensei.app/$(BUNDLE_EXECUTABLE_FOLDER_PATH)/GameSensei";
			};
			name = Release;
		};
		E8206D992938C10F000F9D5E /* Debug */ = {
			isa = XCBuildConfiguration;
			buildSettings = {
				ALWAYS_EMBED_SWIFT_STANDARD_LIBRARIES = YES;
				CODE_SIGN_STYLE = Automatic;
				CURRENT_PROJECT_VERSION = 1;
				DEVELOPMENT_TEAM = B3HH2B897Y;
				GENERATE_INFOPLIST_FILE = YES;
				MARKETING_VERSION = 1.0;
				PRODUCT_BUNDLE_IDENTIFIER = com.nij.GameSenseiUITests;
				PRODUCT_NAME = "$(TARGET_NAME)";
				SWIFT_EMIT_LOC_STRINGS = NO;
				SWIFT_VERSION = 5.0;
				TARGETED_DEVICE_FAMILY = "1,2";
				TEST_TARGET_NAME = GameSensei;
			};
			name = Debug;
		};
		E8206D9A2938C10F000F9D5E /* Release */ = {
			isa = XCBuildConfiguration;
			buildSettings = {
				ALWAYS_EMBED_SWIFT_STANDARD_LIBRARIES = YES;
				CODE_SIGN_STYLE = Automatic;
				CURRENT_PROJECT_VERSION = 1;
				DEVELOPMENT_TEAM = B3HH2B897Y;
				GENERATE_INFOPLIST_FILE = YES;
				MARKETING_VERSION = 1.0;
				PRODUCT_BUNDLE_IDENTIFIER = com.nij.GameSenseiUITests;
				PRODUCT_NAME = "$(TARGET_NAME)";
				SWIFT_EMIT_LOC_STRINGS = NO;
				SWIFT_VERSION = 5.0;
				TARGETED_DEVICE_FAMILY = "1,2";
				TEST_TARGET_NAME = GameSensei;
			};
			name = Release;
		};
/* End XCBuildConfiguration section */

/* Begin XCConfigurationList section */
		E8206D692938C10D000F9D5E /* Build configuration list for PBXProject "GameSensei" */ = {
			isa = XCConfigurationList;
			buildConfigurations = (
				E8206D902938C10F000F9D5E /* Debug */,
				E8206D912938C10F000F9D5E /* Release */,
			);
			defaultConfigurationIsVisible = 0;
			defaultConfigurationName = Release;
		};
		E8206D922938C10F000F9D5E /* Build configuration list for PBXNativeTarget "GameSensei" */ = {
			isa = XCConfigurationList;
			buildConfigurations = (
				E8206D932938C10F000F9D5E /* Debug */,
				E8206D942938C10F000F9D5E /* Release */,
			);
			defaultConfigurationIsVisible = 0;
			defaultConfigurationName = Release;
		};
		E8206D952938C10F000F9D5E /* Build configuration list for PBXNativeTarget "GameSenseiTests" */ = {
			isa = XCConfigurationList;
			buildConfigurations = (
				E8206D962938C10F000F9D5E /* Debug */,
				E8206D972938C10F000F9D5E /* Release */,
			);
			defaultConfigurationIsVisible = 0;
			defaultConfigurationName = Release;
		};
		E8206D982938C10F000F9D5E /* Build configuration list for PBXNativeTarget "GameSenseiUITests" */ = {
			isa = XCConfigurationList;
			buildConfigurations = (
				E8206D992938C10F000F9D5E /* Debug */,
				E8206D9A2938C10F000F9D5E /* Release */,
			);
			defaultConfigurationIsVisible = 0;
			defaultConfigurationName = Release;
		};
/* End XCConfigurationList section */
	};
	rootObject = E8206D662938C10D000F9D5E /* Project object */;
}
